
Microsoft Visual Studio Solution File, Format Version 12.00
# Visual Studio Version 17
VisualStudioVersion = 17.9.34701.34
MinimumVisualStudioVersion = 10.0.40219.1
Project("{FAE04EC0-301F-11D3-BF4B-00C04F79EFBC}") = "lab8", "lab8.csproj", "{376BD72D-0948-43AD-862D-0E98BC97346D}"
EndProject
Global
	GlobalSection(SolutionConfigurationPlatforms) = preSolution
		Debug|Any CPU = Debug|Any CPU
		Release|Any CPU = Release|Any CPU
	EndGlobalSection
	GlobalSection(ProjectConfigurationPlatforms) = postSolution
		{376BD72D-0948-43AD-862D-0E98BC97346D}.Debug|Any CPU.ActiveCfg = Debug|Any CPU
		{376BD72D-0948-43AD-862D-0E98BC97346D}.Debug|Any CPU.Build.0 = Debug|Any CPU
		{376BD72D-0948-43AD-862D-0E98BC97346D}.Release|Any CPU.ActiveCfg = Release|Any CPU
		{376BD72D-0948-43AD-862D-0E98BC97346D}.Release|Any CPU.Build.0 = Release|Any CPU
	EndGlobalSection
	GlobalSection(SolutionProperties) = preSolution
		HideSolutionNode = FALSE
	EndGlobalSection
	GlobalSection(ExtensibilityGlobals) = postSolution
		SolutionGuid = {2E7F53F0-527D-4FC3-8B80-F590CD55FA4B}
	EndGlobalSection
EndGlobal
